PODS:
  - ActionKit (2.5.3)
  - AGAudioPlayer (0.8.2):
    - BASSGaplessAudioPlayer
    - Interpolate
    - MarqueeLabel
    - NapySlider
  - AXRatingView (1.0.6)
  - BASSGaplessAudioPlayer (0.0.1)
  - Cache (6.0.0)
  - ChameleonFramework (2.1.0):
    - ChameleonFramework/Default (= 2.1.0)
  - ChameleonFramework/Default (2.1.0)
  - CleanroomLogger (6.0.3)
  - CSwiftV (0.0.9)
  - CWStatusBarNotification (2.3.5)
  - DownloadButton (0.1.2)
  - DWURecyclingAlert (1.0.2)
  - DZNEmptyDataSet (1.8.1)
  - EDColor (1.0.1)
  - FastImageCache (1.5.1)
  - FaveButton (3.2.1)
  - Interpolate (1.3.0)
  - KASlideShow (3.0.0):
    - SDWebImage (~> 3.8)
  - KissXML (5.0.3):
    - KissXML/Standard (= 5.0.3)
  - KissXML/Core (5.0.3)
  - KissXML/Standard (5.0.3):
    - KissXML/Core
  - LastFm (1.17.0):
    - KissXML (~> 5.0.3)
  - LicensesViewController (0.6.5)
  - MarqueeLabel (4.0.5)
  - MZDownloadManager (3.6)
  - NAKPlaybackIndicatorView (0.1.1)
  - NapySlider (0.3.6)
  - Observable (2.1.0)
  - PathKit (1.0.0)
  - Realm (10.5.0):
    - Realm/Headers (= 10.5.0)
  - Realm/Headers (10.5.0)
  - RealmConverter (0.5.3):
    - CSwiftV
    - PathKit
    - Realm (~> 10.0)
    - SSZipArchive
    - TGSpreadsheetWriter
  - RealmSwift (10.5.0):
    - Realm (= 10.5.0)
  - Reveal-SDK (27)
  - SDCloudUserDefaults (1.0.2)
  - SDWebImage (3.8.3):
    - SDWebImage/Core (= 3.8.3)
  - SDWebImage/Core (3.8.3)
  - Siesta/Core (1.5.2)
  - Siesta/UI (1.5.2):
    - Siesta/Core
  - SINQ (0.7.0)
  - SQLite.swift (0.12.2):
    - SQLite.swift/standard (= 0.12.2)
  - SQLite.swift/standard (0.12.2)
  - SSZipArchive (2.2.3)
  - SVProgressHUD (2.2.5)
  - SwiftyJSON (5.0.0)
  - Texture/Core (3.0.0)
  - Texture/MapKit (3.0.0):
    - Texture/Core
  - Wormholy (1.6.4)

DEPENDENCIES:
  - ActionKit
  - AGAudioPlayer (from `../AGAudioPlayer`)
  - AXRatingView
  - BASSGaplessAudioPlayer (from `../BASSGaplessAudioPlayer`)
  - Cache
  - ChameleonFramework (from `https://github.com/farktronix/Chameleon.git`)
  - CleanroomLogger (from `https://github.com/farktronix/CleanroomLogger`)
  - CSwiftV
  - CWStatusBarNotification
  - DownloadButton (from `https://github.com/farktronix/DownloadButton`)
  - DWURecyclingAlert
  - DZNEmptyDataSet
  - EDColor
  - FastImageCache (from `https://github.com/mallorypaine/FastImageCache.git`)
  - FaveButton
  - KASlideShow
  - LastFm (from `https://github.com/farktronix/LastFm.git`)
  - LicensesViewController (from `https://github.com/tsukisa/LicenseGenerator-iOS.git`)
  - MZDownloadManager
  - NAKPlaybackIndicatorView
  - NapySlider
  - Observable (from `https://github.com/farktronix/Observable.git`)
  - Realm
  - RealmConverter (from `https://github.com/farktronix/realm-cocoa-converter.git`)
  - RealmSwift
  - Reveal-SDK
  - SDCloudUserDefaults
  - Siesta/Core
  - Siesta/UI
  - SINQ
  - SQLite.swift
  - SVProgressHUD
  - SwiftyJSON
  - Texture/Core
  - Texture/MapKit
  - Wormholy

SPEC REPOS:
  trunk:
    - ActionKit
    - AXRatingView
    - Cache
    - CSwiftV
    - CWStatusBarNotification
    - DWURecyclingAlert
    - DZNEmptyDataSet
    - EDColor
    - FaveButton
    - Interpolate
    - KASlideShow
    - KissXML
    - MarqueeLabel
    - MZDownloadManager
    - NAKPlaybackIndicatorView
    - NapySlider
    - PathKit
    - Realm
    - RealmSwift
    - Reveal-SDK
    - SDCloudUserDefaults
    - SDWebImage
    - Siesta
    - SINQ
    - SQLite.swift
    - SSZipArchive
    - SVProgressHUD
    - SwiftyJSON
    - Texture
    - Wormholy

EXTERNAL SOURCES:
  AGAudioPlayer:
    :path: "../AGAudioPlayer"
  BASSGaplessAudioPlayer:
    :path: "../BASSGaplessAudioPlayer"
  ChameleonFramework:
    :git: https://github.com/farktronix/Chameleon.git
  CleanroomLogger:
    :git: https://github.com/farktronix/CleanroomLogger
  DownloadButton:
    :git: https://github.com/farktronix/DownloadButton
  FastImageCache:
    :git: https://github.com/mallorypaine/FastImageCache.git
  LastFm:
    :git: https://github.com/farktronix/LastFm.git
  LicensesViewController:
    :git: https://github.com/tsukisa/LicenseGenerator-iOS.git
  Observable:
    :git: https://github.com/farktronix/Observable.git
  RealmConverter:
    :git: https://github.com/farktronix/realm-cocoa-converter.git

CHECKOUT OPTIONS:
  ChameleonFramework:
    :commit: f708430e24834658f4bdb6a81726a4ee489f65e3
    :git: https://github.com/farktronix/Chameleon.git
  CleanroomLogger:
    :commit: c30b7ac099f5e245933a8919591adebacaeb4b62
    :git: https://github.com/farktronix/CleanroomLogger
  DownloadButton:
    :commit: 04f2b09ba3ce18f273e997cd28db6ac0c1ca3d85
    :git: https://github.com/farktronix/DownloadButton
  FastImageCache:
    :commit: a196da2ef8646ad310f696e64f675e9a942d2ea9
    :git: https://github.com/mallorypaine/FastImageCache.git
  LastFm:
    :commit: 19725dec9bdb91026b7ba808d5c61adb1afef9bb
    :git: https://github.com/farktronix/LastFm.git
  LicensesViewController:
    :commit: 1781a8421602eb1b04e74b6fa07f81f97981cec2
    :git: https://github.com/tsukisa/LicenseGenerator-iOS.git
  Observable:
    :commit: 7159a9cd67eacf8d49d4ad5f847623017e2ebaba
    :git: https://github.com/farktronix/Observable.git
  RealmConverter:
    :commit: 7620605946cc55910422246dade1a1c7745a7bc7
    :git: https://github.com/farktronix/realm-cocoa-converter.git

SPEC CHECKSUMS:
  ActionKit: c1b6427fd36a0fe2223555679bcc5dea437af5b3
  AGAudioPlayer: d1c572757f190502712aa2c6bfa74d646022fba6
  AXRatingView: b975cd1a11c6c2e76c8999c166e089ed26f54133
  BASSGaplessAudioPlayer: 5b074495769769192b720c70aa2a60f6f33751f3
  Cache: 4ca7e00363fca5455f26534e5607634c820ffc2d
  ChameleonFramework: d21a3cc247abfe5e37609a283a8238b03575cf64
  CleanroomLogger: 51703da66caaa392436f5ba6cd5b7ae83d1282aa
  CSwiftV: 8dde426ad2a4f645bdfb513b8aa878d555aeff60
  CWStatusBarNotification: 3d2738b25c3207f60cc50201388d3c96182545ff
  DownloadButton: 0a9848f9c13f34a488939b7244e8043feb94be3c
  DWURecyclingAlert: 02d8ba56b2082c08c6bc2645cc2cc445f307817d
  DZNEmptyDataSet: 9525833b9e68ac21c30253e1d3d7076cc828eaa7
  EDColor: 91d127cd67d7c1d3862846fb11ef4b3851151bfa
  FastImageCache: 9defcc791b9db343858b55ab2fadfd0139f5d529
  FaveButton: 93cfebf6030336fa7653fad2068c3152ed668b39
  Interpolate: 99edce3f72d84d1b9fdc3f769c775b6ade7f92e9
  KASlideShow: d737c734ee603ed4fc7de09876d5193192e74ee4
  KissXML: d19dd6dc65e0dc721ba92b3077b8ebdd240f1c1e
  LastFm: a624fa250bbda5950fccbd068ea7950dcba2da1f
  LicensesViewController: 1f2982b1bab8402d3f88e23197957038e8abb907
  MarqueeLabel: 00cc0bcd087111dca575878b3531af980559707d
  MZDownloadManager: 13a3bdf2dbb4866526d30f454e8061b8571bdf7d
  NAKPlaybackIndicatorView: f1468937ae3828ef6e9a50feda0781fdfa67dce8
  NapySlider: 433c06071e7029d1dea13bf4ca25a79b584b103a
  Observable: bdfa770fc9d925b997d186b09860a0bcdd6f9690
  PathKit: 364e0de7fb5adb142aecab4e112187e5548fc4b6
  Realm: e1c22c3d83b229afb70ebc10e1771c91e9542d12
  RealmConverter: 763536a2d227b90d4d97a3c1056a81aca3c0ceb5
  RealmSwift: 6fc078d9d3fd7e58c71bfdbb694e252462f112a5
  Reveal-SDK: 306e2880395ee396f5a8b4c485c3a86dd19866c7
  SDCloudUserDefaults: cacf733d192160d94364efab8548ae3302615a65
  SDWebImage: a72e880a8fe0f7fc31efe15aaed443c074d2a80c
  Siesta: d1e1966af43ffca170f658ad6d987228a5b40873
  SINQ: 64cab7b7c73486da8f4442c25ccdd6ada7e67b95
  SQLite.swift: d2b4642190917051ce6bd1d49aab565fe794eea3
  SSZipArchive: 62d4947b08730e4cda640473b0066d209ff033c9
  SVProgressHUD: 1428aafac632c1f86f62aa4243ec12008d7a51d6
  SwiftyJSON: 36413e04c44ee145039d332b4f4e2d3e8d6c4db7
  Texture: 2f109e937850d94d1d07232041c9c7313ccddb81
  Wormholy: 2e70f64227e010d363f8d33268369f77faf12471

PODFILE CHECKSUM: facc8c41fa022bbce72c8aaada1f9023fd433595

COCOAPODS: 1.10.0
